
Microsoft Visual Studio Solution File, Format Version 12.00
# Visual Studio Version 16
VisualStudioVersion = 16.0.32413.511
MinimumVisualStudioVersion = 10.0.40219.1
Project("{FAE04EC0-301F-11D3-BF4B-00C04F79EFBC}") = "DeclarableDataGrid", "DeclarableDataGrid\DeclarableDataGrid.csproj", "{931CA764-7917-4517-BC81-AD47FC1E8498}"
EndProject
Project("{FAE04EC0-301F-11D3-BF4B-00C04F79EFBC}") = "DeclarableDataGrid.Example", "DeclarableDataGrid.Example\DeclarableDataGrid.Example.csproj", "{0F448E1A-80D1-4B03-AE4A-37085B4335A2}"
EndProject
Project("{FAE04EC0-301F-11D3-BF4B-00C04F79EFBC}") = "DeclarableDataGrid.Tests", "DeclarableDataGrid.Tests\DeclarableDataGrid.Tests.csproj", "{D37A2D63-F8A6-4AC6-9B13-AABE6310C150}"
EndProject
Global
	GlobalSection(SolutionConfigurationPlatforms) = preSolution
		Debug|Any CPU = Debug|Any CPU
		Release|Any CPU = Release|Any CPU
	EndGlobalSection
	GlobalSection(ProjectConfigurationPlatforms) = postSolution
		{931CA764-7917-4517-BC81-AD47FC1E8498}.Debug|Any CPU.ActiveCfg = Debug|Any CPU
		{931CA764-7917-4517-BC81-AD47FC1E8498}.Debug|Any CPU.Build.0 = Debug|Any CPU
		{931CA764-7917-4517-BC81-AD47FC1E8498}.Release|Any CPU.ActiveCfg = Release|Any CPU
		{931CA764-7917-4517-BC81-AD47FC1E8498}.Release|Any CPU.Build.0 = Release|Any CPU
		{0F448E1A-80D1-4B03-AE4A-37085B4335A2}.Debug|Any CPU.ActiveCfg = Debug|Any CPU
		{0F448E1A-80D1-4B03-AE4A-37085B4335A2}.Debug|Any CPU.Build.0 = Debug|Any CPU
		{0F448E1A-80D1-4B03-AE4A-37085B4335A2}.Release|Any CPU.ActiveCfg = Release|Any CPU
		{0F448E1A-80D1-4B03-AE4A-37085B4335A2}.Release|Any CPU.Build.0 = Release|Any CPU
		{D37A2D63-F8A6-4AC6-9B13-AABE6310C150}.Debug|Any CPU.ActiveCfg = Debug|Any CPU
		{D37A2D63-F8A6-4AC6-9B13-AABE6310C150}.Debug|Any CPU.Build.0 = Debug|Any CPU
		{D37A2D63-F8A6-4AC6-9B13-AABE6310C150}.Release|Any CPU.ActiveCfg = Release|Any CPU
		{D37A2D63-F8A6-4AC6-9B13-AABE6310C150}.Release|Any CPU.Build.0 = Release|Any CPU
	EndGlobalSection
	GlobalSection(SolutionProperties) = preSolution
		HideSolutionNode = FALSE
	EndGlobalSection
	GlobalSection(ExtensibilityGlobals) = postSolution
		SolutionGuid = {A9F1D2E3-C88D-4D08-AFB9-0F55CCA220C2}
	EndGlobalSection
EndGlobal
